
Microsoft Visual Studio Solution File, Format Version 12.00
# Visual Studio Version 16
VisualStudioVersion = 16.0.30907.101
MinimumVisualStudioVersion = 10.0.40219.1
Project("{FAE04EC0-301F-11D3-BF4B-00C04F79EFBC}") = "HelloWorld", "HelloWorld\HelloWorld.csproj", "{736EC67B-3B14-4C92-A23A-91E5ED4C774D}"
EndProject
Global
	GlobalSection(SolutionConfigurationPlatforms) = preSolution
		Debug|Any CPU = Debug|Any CPU
		Release|Any CPU = Release|Any CPU
	EndGlobalSection
	GlobalSection(ProjectConfigurationPlatforms) = postSolution
		{736EC67B-3B14-4C92-A23A-91E5ED4C774D}.Debug|Any CPU.ActiveCfg = Debug|Any CPU
		{736EC67B-3B14-4C92-A23A-91E5ED4C774D}.Debug|Any CPU.Build.0 = Debug|Any CPU
		{736EC67B-3B14-4C92-A23A-91E5ED4C774D}.Release|Any CPU.ActiveCfg = Release|Any CPU
		{736EC67B-3B14-4C92-A23A-91E5ED4C774D}.Release|Any CPU.Build.0 = Release|Any CPU
	EndGlobalSection
	GlobalSection(SolutionProperties) = preSolution
		HideSolutionNode = FALSE
	EndGlobalSection
	GlobalSection(ExtensibilityGlobals) = postSolution
		SolutionGuid = {35DBDB1F-B0A3-482F-8550-CF9D3DF1B2E7}
	EndGlobalSection
EndGlobal
